
Microsoft Visual Studio Solution File, Format Version 12.00
# Visual Studio 15
VisualStudioVersion = 15.0.28307.271
MinimumVisualStudioVersion = 10.0.40219.1
Project("{FAE04EC0-301F-11D3-BF4B-00C04F79EFBC}") = "WinSpeechToText", "WinSpeechToText.csproj", "{7E9694CD-2430-4D3E-9B5E-F5586473EFAF}"
EndProject
Project("{FAE04EC0-301F-11D3-BF4B-00C04F79EFBC}") = "Common", "..\Common\Common.csproj", "{54C3E807-0557-4261-94F6-086A99DA456B}"
EndProject
Global
	GlobalSection(SolutionConfigurationPlatforms) = preSolution
		Debug|Any CPU = Debug|Any CPU
		Debug|x64 = Debug|x64
		Release|Any CPU = Release|Any CPU
		Release|x64 = Release|x64
	EndGlobalSection
	GlobalSection(ProjectConfigurationPlatforms) = postSolution
		{7E9694CD-2430-4D3E-9B5E-F5586473EFAF}.Debug|Any CPU.ActiveCfg = Debug|Any CPU
		{7E9694CD-2430-4D3E-9B5E-F5586473EFAF}.Debug|Any CPU.Build.0 = Debug|Any CPU
		{7E9694CD-2430-4D3E-9B5E-F5586473EFAF}.Debug|x64.ActiveCfg = Debug|x64
		{7E9694CD-2430-4D3E-9B5E-F5586473EFAF}.Debug|x64.Build.0 = Debug|x64
		{7E9694CD-2430-4D3E-9B5E-F5586473EFAF}.Release|Any CPU.ActiveCfg = Release|Any CPU
		{7E9694CD-2430-4D3E-9B5E-F5586473EFAF}.Release|Any CPU.Build.0 = Release|Any CPU
		{7E9694CD-2430-4D3E-9B5E-F5586473EFAF}.Release|x64.ActiveCfg = Release|x64
		{7E9694CD-2430-4D3E-9B5E-F5586473EFAF}.Release|x64.Build.0 = Release|x64
		{54C3E807-0557-4261-94F6-086A99DA456B}.Debug|Any CPU.ActiveCfg = Debug|Any CPU
		{54C3E807-0557-4261-94F6-086A99DA456B}.Debug|Any CPU.Build.0 = Debug|Any CPU
		{54C3E807-0557-4261-94F6-086A99DA456B}.Debug|x64.ActiveCfg = Debug|Any CPU
		{54C3E807-0557-4261-94F6-086A99DA456B}.Debug|x64.Build.0 = Debug|Any CPU
		{54C3E807-0557-4261-94F6-086A99DA456B}.Release|Any CPU.ActiveCfg = Release|Any CPU
		{54C3E807-0557-4261-94F6-086A99DA456B}.Release|Any CPU.Build.0 = Release|Any CPU
		{54C3E807-0557-4261-94F6-086A99DA456B}.Release|x64.ActiveCfg = Release|Any CPU
		{54C3E807-0557-4261-94F6-086A99DA456B}.Release|x64.Build.0 = Release|Any CPU
	EndGlobalSection
	GlobalSection(SolutionProperties) = preSolution
		HideSolutionNode = FALSE
	EndGlobalSection
	GlobalSection(ExtensibilityGlobals) = postSolution
		SolutionGuid = {61487B24-019C-4711-A368-D61333766685}
	EndGlobalSection
EndGlobal
